// !$*UTF8*$!
{
	archiveVersion = 1;
	classes = {
	};
	objectVersion = 52;
	objects = {

/* Begin PBXBuildFile section */
		C90602F21BECC56E004BBD66 /* ObservationHistory.swift in Sources */ = {isa = PBXBuildFile; fileRef = C90602F11BECC56E004BBD66 /* ObservationHistory.swift */; };
		C90602F31BECC56E004BBD66 /* ObservationHistory.swift in Sources */ = {isa = PBXBuildFile; fileRef = C90602F11BECC56E004BBD66 /* ObservationHistory.swift */; };
		C906FBA32414CA850020C6B0 /* AudioFeedbackController.swift in Sources */ = {isa = PBXBuildFile; fileRef = C906FBA22414CA850020C6B0 /* AudioFeedbackController.swift */; };
		C91E73DF1F6AC792005A9BB8 /* side-drum-icon-27836.png in Resources */ = {isa = PBXBuildFile; fileRef = C91E73DE1F6AC792005A9BB8 /* side-drum-icon-27836.png */; };
		C948DADA1CE3219300D7C1DE /* CompassModel.swift in Sources */ = {isa = PBXBuildFile; fileRef = C96274691C2808A20030C09F /* CompassModel.swift */; };
		C960885E1B986D2B00F500A4 /* ViewController.swift in Sources */ = {isa = PBXBuildFile; fileRef = C9BBB6581B77786B00D57D3F /* ViewController.swift */; };
		C96088601B986D9F00F500A4 /* AppDelegate.swift in Sources */ = {isa = PBXBuildFile; fileRef = C9BBB6561B77786B00D57D3F /* AppDelegate.swift */; };
		C96274681C25A52C0030C09F /* Compass_512.png in Resources */ = {isa = PBXBuildFile; fileRef = C96274671C25A52C0030C09F /* Compass_512.png */; };
		C962746A1C2808A20030C09F /* CompassModel.swift in Sources */ = {isa = PBXBuildFile; fileRef = C96274691C2808A20030C09F /* CompassModel.swift */; };
		C964F4C31D94DE85000B0750 /* click_high.wav in Resources */ = {isa = PBXBuildFile; fileRef = C964F4C11D94DE85000B0750 /* click_high.wav */; };
		C964F4C41D94DE85000B0750 /* click_low.wav in Resources */ = {isa = PBXBuildFile; fileRef = C964F4C21D94DE85000B0750 /* click_low.wav */; };
		C964F4C61D94E117000B0750 /* drum200.wav in Resources */ = {isa = PBXBuildFile; fileRef = C964F4C51D94E117000B0750 /* drum200.wav */; };
		C99D6D9623FA9BCF0046873C /* SwiftyBeaver in Frameworks */ = {isa = PBXBuildFile; productRef = C99D6D9523FA9BCF0046873C /* SwiftyBeaver */; };
		C9BBB6571B77786B00D57D3F /* AppDelegate.swift in Sources */ = {isa = PBXBuildFile; fileRef = C9BBB6561B77786B00D57D3F /* AppDelegate.swift */; };
		C9BBB6591B77786B00D57D3F /* ViewController.swift in Sources */ = {isa = PBXBuildFile; fileRef = C9BBB6581B77786B00D57D3F /* ViewController.swift */; };
		C9BBB65C1B77786B00D57D3F /* Main.storyboard in Resources */ = {isa = PBXBuildFile; fileRef = C9BBB65A1B77786B00D57D3F /* Main.storyboard */; };
		C9BBB65E1B77786B00D57D3F /* Assets.xcassets in Resources */ = {isa = PBXBuildFile; fileRef = C9BBB65D1B77786B00D57D3F /* Assets.xcassets */; };
		C9BBB6611B77786B00D57D3F /* LaunchScreen.storyboard in Resources */ = {isa = PBXBuildFile; fileRef = C9BBB65F1B77786B00D57D3F /* LaunchScreen.storyboard */; };
		C9BBB66C1B77786C00D57D3F /* VISCompassTests.swift in Sources */ = {isa = PBXBuildFile; fileRef = C9BBB66B1B77786C00D57D3F /* VISCompassTests.swift */; };
		C9BBB6771B77786C00D57D3F /* VISCompassUITests.swift in Sources */ = {isa = PBXBuildFile; fileRef = C9BBB6761B77786C00D57D3F /* VISCompassUITests.swift */; };
		C9CCA5001B7A1CAA00CB2431 /* Default-568h@2x.png in Resources */ = {isa = PBXBuildFile; fileRef = C9CCA4FF1B7A1CAA00CB2431 /* Default-568h@2x.png */; };
		C9D8B2F423FE8A2F0010A2CC /* Compass_1024.png in Resources */ = {isa = PBXBuildFile; fileRef = C9D8B2F323FE8A2F0010A2CC /* Compass_1024.png */; };
		C9D8B2F92402798E0010A2CC /* Compass_1024_noalpha.png in Resources */ = {isa = PBXBuildFile; fileRef = C9D8B2F82402798D0010A2CC /* Compass_1024_noalpha.png */; };
		C9E99979242062A900BA2C49 /* AudioFeedbackController.swift in Sources */ = {isa = PBXBuildFile; fileRef = C906FBA22414CA850020C6B0 /* AudioFeedbackController.swift */; };
/* End PBXBuildFile section */

/* Begin PBXContainerItemProxy section */
		C9BBB6681B77786C00D57D3F /* PBXContainerItemProxy */ = {
			isa = PBXContainerItemProxy;
			containerPortal = C9BBB64B1B77786B00D57D3F /* Project object */;
			proxyType = 1;
			remoteGlobalIDString = C9BBB6521B77786B00D57D3F;
			remoteInfo = VISCompass;
		};
		C9BBB6731B77786C00D57D3F /* PBXContainerItemProxy */ = {
			isa = PBXContainerItemProxy;
			containerPortal = C9BBB64B1B77786B00D57D3F /* Project object */;
			proxyType = 1;
			remoteGlobalIDString = C9BBB6521B77786B00D57D3F;
			remoteInfo = VISCompass;
		};
/* End PBXContainerItemProxy section */

/* Begin PBXCopyFilesBuildPhase section */
		C964F4C01D94D71C000B0750 /* Embed Frameworks */ = {
			isa = PBXCopyFilesBuildPhase;
			buildActionMask = 2147483647;
			dstPath = "";
			dstSubfolderSpec = 10;
			files = (
			);
			name = "Embed Frameworks";
			runOnlyForDeploymentPostprocessing = 0;
		};
/* End PBXCopyFilesBuildPhase section */

/* Begin PBXFileReference section */
		C90602F11BECC56E004BBD66 /* ObservationHistory.swift */ = {isa = PBXFileReference; fileEncoding = 4; lastKnownFileType = sourcecode.swift; path = ObservationHistory.swift; sourceTree = "<group>"; };
		C906FBA22414CA850020C6B0 /* AudioFeedbackController.swift */ = {isa = PBXFileReference; lastKnownFileType = sourcecode.swift; path = AudioFeedbackController.swift; sourceTree = "<group>"; };
		C91E73DE1F6AC792005A9BB8 /* side-drum-icon-27836.png */ = {isa = PBXFileReference; lastKnownFileType = image.png; name = "side-drum-icon-27836.png"; path = "Assets/side-drum-icon-27836.png"; sourceTree = "<group>"; };
		C96274671C25A52C0030C09F /* Compass_512.png */ = {isa = PBXFileReference; lastKnownFileType = image.png; path = Compass_512.png; sourceTree = "<group>"; };
		C96274691C2808A20030C09F /* CompassModel.swift */ = {isa = PBXFileReference; fileEncoding = 4; lastKnownFileType = sourcecode.swift; path = CompassModel.swift; sourceTree = "<group>"; };
		C964F4C11D94DE85000B0750 /* click_high.wav */ = {isa = PBXFileReference; lastKnownFileType = audio.wav; name = click_high.wav; path = Assets/click_high.wav; sourceTree = "<group>"; };
		C964F4C21D94DE85000B0750 /* click_low.wav */ = {isa = PBXFileReference; lastKnownFileType = audio.wav; name = click_low.wav; path = Assets/click_low.wav; sourceTree = "<group>"; };
		C964F4C51D94E117000B0750 /* drum200.wav */ = {isa = PBXFileReference; lastKnownFileType = audio.wav; name = drum200.wav; path = Assets/drum200.wav; sourceTree = "<group>"; };
		C9BBB6531B77786B00D57D3F /* VISCompass.app */ = {isa = PBXFileReference; explicitFileType = wrapper.application; includeInIndex = 0; path = VISCompass.app; sourceTree = BUILT_PRODUCTS_DIR; };
		C9BBB6561B77786B00D57D3F /* AppDelegate.swift */ = {isa = PBXFileReference; lastKnownFileType = sourcecode.swift; path = AppDelegate.swift; sourceTree = "<group>"; };
		C9BBB6581B77786B00D57D3F /* ViewController.swift */ = {isa = PBXFileReference; lastKnownFileType = sourcecode.swift; path = ViewController.swift; sourceTree = "<group>"; };
		C9BBB65B1B77786B00D57D3F /* Base */ = {isa = PBXFileReference; lastKnownFileType = file.storyboard; name = Base; path = Base.lproj/Main.storyboard; sourceTree = "<group>"; };
		C9BBB65D1B77786B00D57D3F /* Assets.xcassets */ = {isa = PBXFileReference; lastKnownFileType = folder.assetcatalog; path = Assets.xcassets; sourceTree = "<group>"; };
		C9BBB6601B77786B00D57D3F /* Base */ = {isa = PBXFileReference; lastKnownFileType = file.storyboard; name = Base; path = Base.lproj/LaunchScreen.storyboard; sourceTree = "<group>"; };
		C9BBB6621B77786B00D57D3F /* Info.plist */ = {isa = PBXFileReference; lastKnownFileType = text.plist.xml; path = Info.plist; sourceTree = "<group>"; };
		C9BBB6671B77786C00D57D3F /* VISCompassTests.xctest */ = {isa = PBXFileReference; explicitFileType = wrapper.cfbundle; includeInIndex = 0; path = VISCompassTests.xctest; sourceTree = BUILT_PRODUCTS_DIR; };
		C9BBB66B1B77786C00D57D3F /* VISCompassTests.swift */ = {isa = PBXFileReference; lastKnownFileType = sourcecode.swift; path = VISCompassTests.swift; sourceTree = "<group>"; };
		C9BBB66D1B77786C00D57D3F /* Info.plist */ = {isa = PBXFileReference; lastKnownFileType = text.plist.xml; path = Info.plist; sourceTree = "<group>"; };
		C9BBB6721B77786C00D57D3F /* VISCompassUITests.xctest */ = {isa = PBXFileReference; explicitFileType = wrapper.cfbundle; includeInIndex = 0; path = VISCompassUITests.xctest; sourceTree = BUILT_PRODUCTS_DIR; };
		C9BBB6761B77786C00D57D3F /* VISCompassUITests.swift */ = {isa = PBXFileReference; lastKnownFileType = sourcecode.swift; path = VISCompassUITests.swift; sourceTree = "<group>"; };
		C9BBB6781B77786C00D57D3F /* Info.plist */ = {isa = PBXFileReference; lastKnownFileType = text.plist.xml; path = Info.plist; sourceTree = "<group>"; };
		C9CCA4FF1B7A1CAA00CB2431 /* Default-568h@2x.png */ = {isa = PBXFileReference; lastKnownFileType = image.png; path = "Default-568h@2x.png"; sourceTree = "<group>"; };
		C9D8B2F323FE8A2F0010A2CC /* Compass_1024.png */ = {isa = PBXFileReference; lastKnownFileType = image.png; path = Compass_1024.png; sourceTree = "<group>"; };
		C9D8B2F82402798D0010A2CC /* Compass_1024_noalpha.png */ = {isa = PBXFileReference; lastKnownFileType = image.png; path = Compass_1024_noalpha.png; sourceTree = "<group>"; };
/* End PBXFileReference section */

/* Begin PBXFrameworksBuildPhase section */
		C9BBB6501B77786B00D57D3F /* Frameworks */ = {
			isa = PBXFrameworksBuildPhase;
			buildActionMask = 2147483647;
			files = (
				C99D6D9623FA9BCF0046873C /* SwiftyBeaver in Frameworks */,
			);
			runOnlyForDeploymentPostprocessing = 0;
		};
		C9BBB6641B77786C00D57D3F /* Frameworks */ = {
			isa = PBXFrameworksBuildPhase;
			buildActionMask = 2147483647;
			files = (
			);
			runOnlyForDeploymentPostprocessing = 0;
		};
		C9BBB66F1B77786C00D57D3F /* Frameworks */ = {
			isa = PBXFrameworksBuildPhase;
			buildActionMask = 2147483647;
			files = (
			);
			runOnlyForDeploymentPostprocessing = 0;
		};
/* End PBXFrameworksBuildPhase section */

/* Begin PBXGroup section */
		C9BBB64A1B77786B00D57D3F = {
			isa = PBXGroup;
			children = (
				C9D8B2F82402798D0010A2CC /* Compass_1024_noalpha.png */,
				C9D8B2F323FE8A2F0010A2CC /* Compass_1024.png */,
				C91E73DE1F6AC792005A9BB8 /* side-drum-icon-27836.png */,
				C964F4C51D94E117000B0750 /* drum200.wav */,
				C964F4C11D94DE85000B0750 /* click_high.wav */,
				C964F4C21D94DE85000B0750 /* click_low.wav */,
				C96274671C25A52C0030C09F /* Compass_512.png */,
				C9CCA4FF1B7A1CAA00CB2431 /* Default-568h@2x.png */,
				C9BBB6551B77786B00D57D3F /* VISCompass */,
				C9BBB66A1B77786C00D57D3F /* VISCompassTests */,
				C9BBB6751B77786C00D57D3F /* VISCompassUITests */,
				C9BBB6541B77786B00D57D3F /* Products */,
			);
			sourceTree = "<group>";
		};
		C9BBB6541B77786B00D57D3F /* Products */ = {
			isa = PBXGroup;
			children = (
				C9BBB6531B77786B00D57D3F /* VISCompass.app */,
				C9BBB6671B77786C00D57D3F /* VISCompassTests.xctest */,
				C9BBB6721B77786C00D57D3F /* VISCompassUITests.xctest */,
			);
			name = Products;
			sourceTree = "<group>";
		};
		C9BBB6551B77786B00D57D3F /* VISCompass */ = {
			isa = PBXGroup;
			children = (
				C9BBB6561B77786B00D57D3F /* AppDelegate.swift */,
				C9BBB6581B77786B00D57D3F /* ViewController.swift */,
				C9BBB65A1B77786B00D57D3F /* Main.storyboard */,
				C9BBB65D1B77786B00D57D3F /* Assets.xcassets */,
				C9BBB65F1B77786B00D57D3F /* LaunchScreen.storyboard */,
				C9BBB6621B77786B00D57D3F /* Info.plist */,
				C90602F11BECC56E004BBD66 /* ObservationHistory.swift */,
				C96274691C2808A20030C09F /* CompassModel.swift */,
				C906FBA22414CA850020C6B0 /* AudioFeedbackController.swift */,
			);
			path = VISCompass;
			sourceTree = "<group>";
		};
		C9BBB66A1B77786C00D57D3F /* VISCompassTests */ = {
			isa = PBXGroup;
			children = (
				C9BBB66B1B77786C00D57D3F /* VISCompassTests.swift */,
				C9BBB66D1B77786C00D57D3F /* Info.plist */,
			);
			path = VISCompassTests;
			sourceTree = "<group>";
		};
		C9BBB6751B77786C00D57D3F /* VISCompassUITests */ = {
			isa = PBXGroup;
			children = (
				C9BBB6761B77786C00D57D3F /* VISCompassUITests.swift */,
				C9BBB6781B77786C00D57D3F /* Info.plist */,
			);
			path = VISCompassUITests;
			sourceTree = "<group>";
		};
/* End PBXGroup section */

/* Begin PBXNativeTarget section */
		C9BBB6521B77786B00D57D3F /* VISCompass */ = {
			isa = PBXNativeTarget;
			buildConfigurationList = C9BBB67B1B77786C00D57D3F /* Build configuration list for PBXNativeTarget "VISCompass" */;
			buildPhases = (
				C9BBB64F1B77786B00D57D3F /* Sources */,
				C9BBB6501B77786B00D57D3F /* Frameworks */,
				C9BBB6511B77786B00D57D3F /* Resources */,
				C964F4C01D94D71C000B0750 /* Embed Frameworks */,
			);
			buildRules = (
			);
			dependencies = (
			);
			name = VISCompass;
			packageProductDependencies = (
				C99D6D9523FA9BCF0046873C /* SwiftyBeaver */,
			);
			productName = VISCompass;
			productReference = C9BBB6531B77786B00D57D3F /* VISCompass.app */;
			productType = "com.apple.product-type.application";
		};
		C9BBB6661B77786C00D57D3F /* VISCompassTests */ = {
			isa = PBXNativeTarget;
			buildConfigurationList = C9BBB67E1B77786C00D57D3F /* Build configuration list for PBXNativeTarget "VISCompassTests" */;
			buildPhases = (
				C9BBB6631B77786C00D57D3F /* Sources */,
				C9BBB6641B77786C00D57D3F /* Frameworks */,
				C9BBB6651B77786C00D57D3F /* Resources */,
			);
			buildRules = (
			);
			dependencies = (
				C9BBB6691B77786C00D57D3F /* PBXTargetDependency */,
			);
			name = VISCompassTests;
			productName = VISCompassTests;
			productReference = C9BBB6671B77786C00D57D3F /* VISCompassTests.xctest */;
			productType = "com.apple.product-type.bundle.unit-test";
		};
		C9BBB6711B77786C00D57D3F /* VISCompassUITests */ = {
			isa = PBXNativeTarget;
			buildConfigurationList = C9BBB6811B77786C00D57D3F /* Build configuration list for PBXNativeTarget "VISCompassUITests" */;
			buildPhases = (
				C9BBB66E1B77786C00D57D3F /* Sources */,
				C9BBB66F1B77786C00D57D3F /* Frameworks */,
				C9BBB6701B77786C00D57D3F /* Resources */,
			);
			buildRules = (
			);
			dependencies = (
				C9BBB6741B77786C00D57D3F /* PBXTargetDependency */,
			);
			name = VISCompassUITests;
			productName = VISCompassUITests;
			productReference = C9BBB6721B77786C00D57D3F /* VISCompassUITests.xctest */;
			productType = "com.apple.product-type.bundle.ui-testing";
		};
/* End PBXNativeTarget section */

/* Begin PBXProject section */
		C9BBB64B1B77786B00D57D3F /* Project object */ = {
			isa = PBXProject;
			attributes = {
				LastSwiftUpdateCheck = 0700;
				LastUpgradeCheck = 1110;
				ORGANIZATIONNAME = mattclark.net;
				TargetAttributes = {
					C9BBB6521B77786B00D57D3F = {
						CreatedOnToolsVersion = 7.0;
						DevelopmentTeam = 98P2YHA54F;
						LastSwiftMigration = 1110;
					};
					C9BBB6661B77786C00D57D3F = {
						CreatedOnToolsVersion = 7.0;
						LastSwiftMigration = 1110;
						TestTargetID = C9BBB6521B77786B00D57D3F;
					};
					C9BBB6711B77786C00D57D3F = {
						CreatedOnToolsVersion = 7.0;
						LastSwiftMigration = 1110;
						TestTargetID = C9BBB6521B77786B00D57D3F;
					};
				};
			};
			buildConfigurationList = C9BBB64E1B77786B00D57D3F /* Build configuration list for PBXProject "VISCompass" */;
			compatibilityVersion = "Xcode 11.0";
			developmentRegion = en;
			hasScannedForEncodings = 0;
			knownRegions = (
				en,
				Base,
			);
			mainGroup = C9BBB64A1B77786B00D57D3F;
			packageReferences = (
				C99D6D9423FA9BCF0046873C /* XCRemoteSwiftPackageReference "SwiftyBeaver" */,
			);
			productRefGroup = C9BBB6541B77786B00D57D3F /* Products */;
			projectDirPath = "";
			projectRoot = "";
			targets = (
				C9BBB6521B77786B00D57D3F /* VISCompass */,
				C9BBB6661B77786C00D57D3F /* VISCompassTests */,
				C9BBB6711B77786C00D57D3F /* VISCompassUITests */,
			);
		};
/* End PBXProject section */

/* Begin PBXResourcesBuildPhase section */
		C9BBB6511B77786B00D57D3F /* Resources */ = {
			isa = PBXResourcesBuildPhase;
			buildActionMask = 2147483647;
			files = (
				C96274681C25A52C0030C09F /* Compass_512.png in Resources */,
				C9D8B2F92402798E0010A2CC /* Compass_1024_noalpha.png in Resources */,
				C964F4C61D94E117000B0750 /* drum200.wav in Resources */,
				C9BBB6611B77786B00D57D3F /* LaunchScreen.storyboard in Resources */,
				C9D8B2F423FE8A2F0010A2CC /* Compass_1024.png in Resources */,
				C91E73DF1F6AC792005A9BB8 /* side-drum-icon-27836.png in Resources */,
				C9BBB65E1B77786B00D57D3F /* Assets.xcassets in Resources */,
				C964F4C31D94DE85000B0750 /* click_high.wav in Resources */,
				C964F4C41D94DE85000B0750 /* click_low.wav in Resources */,
				C9BBB65C1B77786B00D57D3F /* Main.storyboard in Resources */,
				C9CCA5001B7A1CAA00CB2431 /* Default-568h@2x.png in Resources */,
			);
			runOnlyForDeploymentPostprocessing = 0;
		};
		C9BBB6651B77786C00D57D3F /* Resources */ = {
			isa = PBXResourcesBuildPhase;
			buildActionMask = 2147483647;
			files = (
			);
			runOnlyForDeploymentPostprocessing = 0;
		};
		C9BBB6701B77786C00D57D3F /* Resources */ = {
			isa = PBXResourcesBuildPhase;
			buildActionMask = 2147483647;
			files = (
			);
			runOnlyForDeploymentPostprocessing = 0;
		};
/* End PBXResourcesBuildPhase section */

/* Begin PBXSourcesBuildPhase section */
		C9BBB64F1B77786B00D57D3F /* Sources */ = {
			isa = PBXSourcesBuildPhase;
			buildActionMask = 2147483647;
			files = (
				C9BBB6591B77786B00D57D3F /* ViewController.swift in Sources */,
				C90602F21BECC56E004BBD66 /* ObservationHistory.swift in Sources */,
				C9BBB6571B77786B00D57D3F /* AppDelegate.swift in Sources */,
				C962746A1C2808A20030C09F /* CompassModel.swift in Sources */,
				C906FBA32414CA850020C6B0 /* AudioFeedbackController.swift in Sources */,
			);
			runOnlyForDeploymentPostprocessing = 0;
		};
		C9BBB6631B77786C00D57D3F /* Sources */ = {
			isa = PBXSourcesBuildPhase;
			buildActionMask = 2147483647;
			files = (
				C90602F31BECC56E004BBD66 /* ObservationHistory.swift in Sources */,
				C9E99979242062A900BA2C49 /* AudioFeedbackController.swift in Sources */,
				C96088601B986D9F00F500A4 /* AppDelegate.swift in Sources */,
				C948DADA1CE3219300D7C1DE /* CompassModel.swift in Sources */,
				C960885E1B986D2B00F500A4 /* ViewController.swift in Sources */,
				C9BBB66C1B77786C00D57D3F /* VISCompassTests.swift in Sources */,
			);
			runOnlyForDeploymentPostprocessing = 0;
		};
		C9BBB66E1B77786C00D57D3F /* Sources */ = {
			isa = PBXSourcesBuildPhase;
			buildActionMask = 2147483647;
			files = (
				C9BBB6771B77786C00D57D3F /* VISCompassUITests.swift in Sources */,
			);
			runOnlyForDeploymentPostprocessing = 0;
		};
/* End PBXSourcesBuildPhase section */

/* Begin PBXTargetDependency section */
		C9BBB6691B77786C00D57D3F /* PBXTargetDependency */ = {
			isa = PBXTargetDependency;
			target = C9BBB6521B77786B00D57D3F /* VISCompass */;
			targetProxy = C9BBB6681B77786C00D57D3F /* PBXContainerItemProxy */;
		};
		C9BBB6741B77786C00D57D3F /* PBXTargetDependency */ = {
			isa = PBXTargetDependency;
			target = C9BBB6521B77786B00D57D3F /* VISCompass */;
			targetProxy = C9BBB6731B77786C00D57D3F /* PBXContainerItemProxy */;
		};
/* End PBXTargetDependency section */

/* Begin PBXVariantGroup section */
		C9BBB65A1B77786B00D57D3F /* Main.storyboard */ = {
			isa = PBXVariantGroup;
			children = (
				C9BBB65B1B77786B00D57D3F /* Base */,
			);
			name = Main.storyboard;
			sourceTree = "<group>";
		};
		C9BBB65F1B77786B00D57D3F /* LaunchScreen.storyboard */ = {
			isa = PBXVariantGroup;
			children = (
				C9BBB6601B77786B00D57D3F /* Base */,
			);
			name = LaunchScreen.storyboard;
			sourceTree = "<group>";
		};
/* End PBXVariantGroup section */

/* Begin XCBuildConfiguration section */
		C9BBB6791B77786C00D57D3F /* Debug */ = {
			isa = XCBuildConfiguration;
			buildSettings = {
				ALWAYS_SEARCH_USER_PATHS = NO;
				CLANG_ANALYZER_LOCALIZABILITY_NONLOCALIZED = YES;
				CLANG_CXX_LANGUAGE_STANDARD = "gnu++0x";
				CLANG_CXX_LIBRARY = "libc++";
				CLANG_ENABLE_MODULES = YES;
				CLANG_ENABLE_OBJC_ARC = YES;
				CLANG_WARN_BLOCK_CAPTURE_AUTORELEASING = YES;
				CLANG_WARN_BOOL_CONVERSION = YES;
				CLANG_WARN_COMMA = YES;
				CLANG_WARN_CONSTANT_CONVERSION = YES;
				CLANG_WARN_DEPRECATED_OBJC_IMPLEMENTATIONS = YES;
				CLANG_WARN_DIRECT_OBJC_ISA_USAGE = YES_ERROR;
				CLANG_WARN_EMPTY_BODY = YES;
				CLANG_WARN_ENUM_CONVERSION = YES;
				CLANG_WARN_INFINITE_RECURSION = YES;
				CLANG_WARN_INT_CONVERSION = YES;
				CLANG_WARN_NON_LITERAL_NULL_CONVERSION = YES;
				CLANG_WARN_OBJC_IMPLICIT_RETAIN_SELF = YES;
				CLANG_WARN_OBJC_LITERAL_CONVERSION = YES;
				CLANG_WARN_OBJC_ROOT_CLASS = YES_ERROR;
				CLANG_WARN_RANGE_LOOP_ANALYSIS = YES;
				CLANG_WARN_STRICT_PROTOTYPES = YES;
				CLANG_WARN_SUSPICIOUS_MOVE = YES;
				CLANG_WARN_UNREACHABLE_CODE = YES;
				CLANG_WARN__DUPLICATE_METHOD_MATCH = YES;
				"CODE_SIGN_IDENTITY[sdk=iphoneos*]" = "iPhone Developer";
				COPY_PHASE_STRIP = NO;
				DEBUG_INFORMATION_FORMAT = dwarf;
				ENABLE_STRICT_OBJC_MSGSEND = YES;
				ENABLE_TESTABILITY = YES;
				GCC_C_LANGUAGE_STANDARD = gnu99;
				GCC_DYNAMIC_NO_PIC = NO;
				GCC_NO_COMMON_BLOCKS = YES;
				GCC_OPTIMIZATION_LEVEL = 0;
				GCC_PREPROCESSOR_DEFINITIONS = (
					"DEBUG=1",
					"$(inherited)",
				);
				GCC_WARN_64_TO_32_BIT_CONVERSION = YES;
				GCC_WARN_ABOUT_RETURN_TYPE = YES_ERROR;
				GCC_WARN_UNDECLARED_SELECTOR = YES;
				GCC_WARN_UNINITIALIZED_AUTOS = YES_AGGRESSIVE;
				GCC_WARN_UNUSED_FUNCTION = YES;
				GCC_WARN_UNUSED_VARIABLE = YES;
				IPHONEOS_DEPLOYMENT_TARGET = 12.1;
				MTL_ENABLE_DEBUG_INFO = YES;
				ONLY_ACTIVE_ARCH = YES;
				SDKROOT = iphoneos;
				SWIFT_OPTIMIZATION_LEVEL = "-Onone";
			};
			name = Debug;
		};
		C9BBB67A1B77786C00D57D3F /* Release */ = {
			isa = XCBuildConfiguration;
			buildSettings = {
				ALWAYS_SEARCH_USER_PATHS = NO;
				CLANG_ANALYZER_LOCALIZABILITY_NONLOCALIZED = YES;
				CLANG_CXX_LANGUAGE_STANDARD = "gnu++0x";
				CLANG_CXX_LIBRARY = "libc++";
				CLANG_ENABLE_MODULES = YES;
				CLANG_ENABLE_OBJC_ARC = YES;
				CLANG_WARN_BLOCK_CAPTURE_AUTORELEASING = YES;
				CLANG_WARN_BOOL_CONVERSION = YES;
				CLANG_WARN_COMMA = YES;
				CLANG_WARN_CONSTANT_CONVERSION = YES;
				CLANG_WARN_DEPRECATED_OBJC_IMPLEMENTATIONS = YES;
				CLANG_WARN_DIRECT_OBJC_ISA_USAGE = YES_ERROR;
				CLANG_WARN_EMPTY_BODY = YES;
				CLANG_WARN_ENUM_CONVERSION = YES;
				CLANG_WARN_INFINITE_RECURSION = YES;
				CLANG_WARN_INT_CONVERSION = YES;
				CLANG_WARN_NON_LITERAL_NULL_CONVERSION = YES;
				CLANG_WARN_OBJC_IMPLICIT_RETAIN_SELF = YES;
				CLANG_WARN_OBJC_LITERAL_CONVERSION = YES;
				CLANG_WARN_OBJC_ROOT_CLASS = YES_ERROR;
				CLANG_WARN_RANGE_LOOP_ANALYSIS = YES;
				CLANG_WARN_STRICT_PROTOTYPES = YES;
				CLANG_WARN_SUSPICIOUS_MOVE = YES;
				CLANG_WARN_UNREACHABLE_CODE = YES;
				CLANG_WARN__DUPLICATE_METHOD_MATCH = YES;
				"CODE_SIGN_IDENTITY[sdk=iphoneos*]" = "iPhone Developer";
				COPY_PHASE_STRIP = NO;
				DEBUG_INFORMATION_FORMAT = "dwarf-with-dsym";
				ENABLE_NS_ASSERTIONS = NO;
				ENABLE_STRICT_OBJC_MSGSEND = YES;
				GCC_C_LANGUAGE_STANDARD = gnu99;
				GCC_NO_COMMON_BLOCKS = YES;
				GCC_WARN_64_TO_32_BIT_CONVERSION = YES;
				GCC_WARN_ABOUT_RETURN_TYPE = YES_ERROR;
				GCC_WARN_UNDECLARED_SELECTOR = YES;
				GCC_WARN_UNINITIALIZED_AUTOS = YES_AGGRESSIVE;
				GCC_WARN_UNUSED_FUNCTION = YES;
				GCC_WARN_UNUSED_VARIABLE = YES;
				IPHONEOS_DEPLOYMENT_TARGET = 12.1;
				MTL_ENABLE_DEBUG_INFO = NO;
				SDKROOT = iphoneos;
				SWIFT_COMPILATION_MODE = wholemodule;
				SWIFT_OPTIMIZATION_LEVEL = "-O";
				VALIDATE_PRODUCT = YES;
			};
			name = Release;
		};
		C9BBB67C1B77786C00D57D3F /* Debug */ = {
			isa = XCBuildConfiguration;
			buildSettings = {
				ALWAYS_EMBED_SWIFT_STANDARD_LIBRARIES = YES;
				ASSETCATALOG_COMPILER_APPICON_NAME = AppIcon;
				CODE_SIGN_IDENTITY = "iPhone Developer";
				"CODE_SIGN_IDENTITY[sdk=iphoneos*]" = "iPhone Developer";
				CURRENT_PROJECT_VERSION = 5;
				DEVELOPMENT_TEAM = 98P2YHA54F;
				INFOPLIST_FILE = "$(SRCROOT)/VISCompass/Info.plist";
				IPHONEOS_DEPLOYMENT_TARGET = 13.0;
				LD_RUNPATH_SEARCH_PATHS = (
					"$(inherited)",
					"@executable_path/Frameworks",
				);
				MARKETING_VERSION = 1.2.1;
				PRODUCT_BUNDLE_IDENTIFIER = mattclark.net.vicompass;
				PRODUCT_NAME = VISCompass;
				PROVISIONING_PROFILE = "";
				SWIFT_SWIFT3_OBJC_INFERENCE = Default;
				SWIFT_VERSION = 5.0;
			};
			name = Debug;
		};
		C9BBB67D1B77786C00D57D3F /* Release */ = {
			isa = XCBuildConfiguration;
			buildSettings = {
				ALWAYS_EMBED_SWIFT_STANDARD_LIBRARIES = YES;
				ASSETCATALOG_COMPILER_APPICON_NAME = AppIcon;
				CODE_SIGN_IDENTITY = "iPhone Developer";
				"CODE_SIGN_IDENTITY[sdk=iphoneos*]" = "iPhone Developer";
				CURRENT_PROJECT_VERSION = 5;
				DEVELOPMENT_TEAM = 98P2YHA54F;
				INFOPLIST_FILE = "$(SRCROOT)/VISCompass/Info.plist";
				IPHONEOS_DEPLOYMENT_TARGET = 13.0;
				LD_RUNPATH_SEARCH_PATHS = (
					"$(inherited)",
					"@executable_path/Frameworks",
				);
				MARKETING_VERSION = 1.2.1;
				PRODUCT_BUNDLE_IDENTIFIER = mattclark.net.vicompass;
				PRODUCT_NAME = VISCompass;
				PROVISIONING_PROFILE = "";
				SWIFT_SWIFT3_OBJC_INFERENCE = Default;
				SWIFT_VERSION = 5.0;
			};
			name = Release;
		};
		C9BBB67F1B77786C00D57D3F /* Debug */ = {
			isa = XCBuildConfiguration;
			buildSettings = {
				BUNDLE_LOADER = "$(TEST_HOST)";
				INFOPLIST_FILE = VISCompassTests/Info.plist;
				IPHONEOS_DEPLOYMENT_TARGET = 13.0;
				LD_RUNPATH_SEARCH_PATHS = (
					"$(inherited)",
					"@executable_path/Frameworks",
					"@loader_path/Frameworks",
				);
				PRODUCT_BUNDLE_IDENTIFIER = "mattclark.net.Blind-SailingTests";
				PRODUCT_NAME = VISCompassTests;
				SWIFT_SWIFT3_OBJC_INFERENCE = Default;
				SWIFT_VERSION = 5.0;
				TEST_HOST = "$(BUILT_PRODUCTS_DIR)/VISCompass.app/VISCompass";
			};
			name = Debug;
		};
		C9BBB6801B77786C00D57D3F /* Release */ = {
			isa = XCBuildConfiguration;
			buildSettings = {
				BUNDLE_LOADER = "$(TEST_HOST)";
				INFOPLIST_FILE = VISCompassTests/Info.plist;
				IPHONEOS_DEPLOYMENT_TARGET = 13.0;
				LD_RUNPATH_SEARCH_PATHS = (
					"$(inherited)",
					"@executable_path/Frameworks",
					"@loader_path/Frameworks",
				);
				PRODUCT_BUNDLE_IDENTIFIER = "mattclark.net.Blind-SailingTests";
				PRODUCT_NAME = VISCompassTests;
				SWIFT_SWIFT3_OBJC_INFERENCE = Default;
				SWIFT_VERSION = 5.0;
				TEST_HOST = "$(BUILT_PRODUCTS_DIR)/VISCompass.app/VISCompass";
			};
			name = Release;
		};
		C9BBB6821B77786C00D57D3F /* Debug */ = {
			isa = XCBuildConfiguration;
			buildSettings = {
				INFOPLIST_FILE = VISCompassUITests/Info.plist;
				LD_RUNPATH_SEARCH_PATHS = (
					"$(inherited)",
					"@executable_path/Frameworks",
					"@loader_path/Frameworks",
				);
				PRODUCT_BUNDLE_IDENTIFIER = "mattclark.net.Blind-SailingUITests";
				PRODUCT_NAME = VISCompassUITests;
				SWIFT_SWIFT3_OBJC_INFERENCE = Default;
				SWIFT_VERSION = 5.0;
				TEST_TARGET_NAME = VISCompass;
				USES_XCTRUNNER = YES;
			};
			name = Debug;
		};
		C9BBB6831B77786C00D57D3F /* Release */ = {
			isa = XCBuildConfiguration;
			buildSettings = {
				INFOPLIST_FILE = VISCompassUITests/Info.plist;
				LD_RUNPATH_SEARCH_PATHS = (
					"$(inherited)",
					"@executable_path/Frameworks",
					"@loader_path/Frameworks",
				);
				PRODUCT_BUNDLE_IDENTIFIER = "mattclark.net.Blind-SailingUITests";
				PRODUCT_NAME = VISCompassUITests;
				SWIFT_SWIFT3_OBJC_INFERENCE = Default;
				SWIFT_VERSION = 5.0;
				TEST_TARGET_NAME = VISCompass;
				USES_XCTRUNNER = YES;
			};
			name = Release;
		};
/* End XCBuildConfiguration section */

/* Begin XCConfigurationList section */
		C9BBB64E1B77786B00D57D3F /* Build configuration list for PBXProject "VISCompass" */ = {
			isa = XCConfigurationList;
			buildConfigurations = (
				C9BBB6791B77786C00D57D3F /* Debug */,
				C9BBB67A1B77786C00D57D3F /* Release */,
			);
			defaultConfigurationIsVisible = 0;
			defaultConfigurationName = Release;
		};
		C9BBB67B1B77786C00D57D3F /* Build configuration list for PBXNativeTarget "VISCompass" */ = {
			isa = XCConfigurationList;
			buildConfigurations = (
				C9BBB67C1B77786C00D57D3F /* Debug */,
				C9BBB67D1B77786C00D57D3F /* Release */,
			);
			defaultConfigurationIsVisible = 0;
			defaultConfigurationName = Release;
		};
		C9BBB67E1B77786C00D57D3F /* Build configuration list for PBXNativeTarget "VISCompassTests" */ = {
			isa = XCConfigurationList;
			buildConfigurations = (
				C9BBB67F1B77786C00D57D3F /* Debug */,
				C9BBB6801B77786C00D57D3F /* Release */,
			);
			defaultConfigurationIsVisible = 0;
			defaultConfigurationName = Release;
		};
		C9BBB6811B77786C00D57D3F /* Build configuration list for PBXNativeTarget "VISCompassUITests" */ = {
			isa = XCConfigurationList;
			buildConfigurations = (
				C9BBB6821B77786C00D57D3F /* Debug */,
				C9BBB6831B77786C00D57D3F /* Release */,
			);
			defaultConfigurationIsVisible = 0;
			defaultConfigurationName = Release;
		};
/* End XCConfigurationList section */

/* Begin XCRemoteSwiftPackageReference section */
		C99D6D9423FA9BCF0046873C /* XCRemoteSwiftPackageReference "SwiftyBeaver" */ = {
			isa = XCRemoteSwiftPackageReference;
			repositoryURL = "https://github.com/SwiftyBeaver/SwiftyBeaver.git";
			requirement = {
				kind = upToNextMajorVersion;
				minimumVersion = 1.8.4;
			};
		};
/* End XCRemoteSwiftPackageReference section */

/* Begin XCSwiftPackageProductDependency section */
		C99D6D9523FA9BCF0046873C /* SwiftyBeaver */ = {
			isa = XCSwiftPackageProductDependency;
			package = C99D6D9423FA9BCF0046873C /* XCRemoteSwiftPackageReference "SwiftyBeaver" */;
			productName = SwiftyBeaver;
		};
/* End XCSwiftPackageProductDependency section */
	};
	rootObject = C9BBB64B1B77786B00D57D3F /* Project object */;
}
